version = 1
revision = 3
requires-python = ">=3.14"

[options]
exclude-newer = "2026-04-02T09:04:57.706111515Z"
exclude-newer-span = "P7D"

[[package]]
name = "colorama"
version = "0.4.6"
source = { registry = "https://pypi.org/simple" }
sdist = { url = "https://files.pythonhosted.org/packages/d8/53/6f443c9a4a8358a93a6792e2acffb9d9d5cb0a5cfd8802644b7b1c9a02e4/colorama-0.4.6.tar.gz", hash = "sha256:08695f5cb7ed6e0531a20572697297273c47b8cae5a63ffc6d6ed5c201be6e44", size = 27697, upload-time = "2022-10-25T02:36:22.414Z" }
wheels = [
    { url = "https://files.pythonhosted.org/packages/d1/d6/3965ed04c63042e047cb6a3e6ed1a63a35087b6a609aa3a15ed8ac56c221/colorama-0.4.6-py2.py3-none-any.whl", hash = "sha256:4f1d9991f5acc0ca119f9d443620b77f9d6b33703e51011c16baf57afb285fc6", size = 25335, upload-time = "2022-10-25T02:36:20.889Z" },
]

[[package]]
name = "coverage"
version = "7.13.5"
source = { registry = "https://pypi.org/simple" }
sdist = { url = "https://files.pythonhosted.org/packages/9d/e0/70553e3000e345daff267cec284ce4cbf3fc141b6da229ac52775b5428f1/coverage-7.13.5.tar.gz", hash = "sha256:c81f6515c4c40141f83f502b07bbfa5c240ba25bbe73da7b33f1e5b6120ff179", size = 915967, upload-time = "2026-03-17T10:33:18.341Z" }
wheels = [
    { url = "https://files.pythonhosted.org/packages/8e/77/39703f0d1d4b478bfd30191d3c14f53caf596fac00efb3f8f6ee23646439/coverage-7.13.5-cp314-cp314-macosx_10_15_x86_64.whl", hash = "sha256:fbabfaceaeb587e16f7008f7795cd80d20ec548dc7f94fbb0d4ec2e038ce563f", size = 219621, upload-time = "2026-03-17T10:32:08.589Z" },
    { url = "https://files.pythonhosted.org/packages/e2/3e/51dff36d99ae14639a133d9b164d63e628532e2974d8b1edb99dd1ebc733/coverage-7.13.5-cp314-cp314-macosx_11_0_arm64.whl", hash = "sha256:9bb2a28101a443669a423b665939381084412b81c3f8c0fcfbac57f4e30b5b8e", size = 219953, upload-time = "2026-03-17T10:32:10.507Z" },
    { url = "https://files.pythonhosted.org/packages/6a/6c/1f1917b01eb647c2f2adc9962bd66c79eb978951cab61bdc1acab3290c07/coverage-7.13.5-cp314-cp314-manylinux1_i686.manylinux_2_28_i686.manylinux_2_5_i686.whl", hash = "sha256:bd3a2fbc1c6cccb3c5106140d87cc6a8715110373ef42b63cf5aea29df8c217a", size = 250992, upload-time = "2026-03-17T10:32:12.41Z" },
    { url = "https://files.pythonhosted.org/packages/22/e5/06b1f88f42a5a99df42ce61208bdec3bddb3d261412874280a19796fc09c/coverage-7.13.5-cp314-cp314-manylinux1_x86_64.manylinux_2_28_x86_64.manylinux_2_5_x86_64.whl", hash = "sha256:6c36ddb64ed9d7e496028d1d00dfec3e428e0aabf4006583bb1839958d280510", size = 253503, upload-time = "2026-03-17T10:32:14.449Z" },
    { url = "https://files.pythonhosted.org/packages/80/28/2a148a51e5907e504fa7b85490277734e6771d8844ebcc48764a15e28155/coverage-7.13.5-cp314-cp314-manylinux2014_aarch64.manylinux_2_17_aarch64.manylinux_2_28_aarch64.whl", hash = "sha256:380e8e9084d8eb38db3a9176a1a4f3c0082c3806fa0dc882d1d87abc3c789247", size = 254852, upload-time = "2026-03-17T10:32:16.56Z" },
    { url = "https://files.pythonhosted.org/packages/61/77/50e8d3d85cc0b7ebe09f30f151d670e302c7ff4a1bf6243f71dd8b0981fa/coverage-7.13.5-cp314-cp314-manylinux2014_ppc64le.manylinux_2_17_ppc64le.manylinux_2_28_ppc64le.whl", hash = "sha256:e808af52a0513762df4d945ea164a24b37f2f518cbe97e03deaa0ee66139b4d6", size = 257161, upload-time = "2026-03-17T10:32:19.004Z" },
    { url = "https://files.pythonhosted.org/packages/3b/c4/b5fd1d4b7bf8d0e75d997afd3925c59ba629fc8616f1b3aae7605132e256/coverage-7.13.5-cp314-cp314-manylinux_2_31_riscv64.manylinux_2_39_riscv64.whl", hash = "sha256:e301d30dd7e95ae068671d746ba8c34e945a82682e62918e41b2679acd2051a0", size = 251021, upload-time = "2026-03-17T10:32:21.344Z" },
    { url = "https://files.pythonhosted.org/packages/f8/66/6ea21f910e92d69ef0b1c3346ea5922a51bad4446c9126db2ae96ee24c4c/coverage-7.13.5-cp314-cp314-musllinux_1_2_aarch64.whl", hash = "sha256:800bc829053c80d240a687ceeb927a94fd108bbdc68dfbe505d0d75ab578a882", size = 252858, upload-time = "2026-03-17T10:32:23.506Z" },
    { url = "https://files.pythonhosted.org/packages/9e/ea/879c83cb5d61aa2a35fb80e72715e92672daef8191b84911a643f533840c/coverage-7.13.5-cp314-cp314-musllinux_1_2_i686.whl", hash = "sha256:0b67af5492adb31940ee418a5a655c28e48165da5afab8c7fa6fd72a142f8740", size = 250823, upload-time = "2026-03-17T10:32:25.516Z" },
    { url = "https://files.pythonhosted.org/packages/8a/fb/616d95d3adb88b9803b275580bdeee8bd1b69a886d057652521f83d7322f/coverage-7.13.5-cp314-cp314-musllinux_1_2_ppc64le.whl", hash = "sha256:c9136ff29c3a91e25b1d1552b5308e53a1e0653a23e53b6366d7c2dcbbaf8a16", size = 255099, upload-time = "2026-03-17T10:32:27.944Z" },
    { url = "https://files.pythonhosted.org/packages/1c/93/25e6917c90ec1c9a56b0b26f6cad6408e5f13bb6b35d484a0d75c9cf000d/coverage-7.13.5-cp314-cp314-musllinux_1_2_riscv64.whl", hash = "sha256:cff784eef7f0b8f6cb28804fbddcfa99f89efe4cc35fb5627e3ac58f91ed3ac0", size = 250638, upload-time = "2026-03-17T10:32:29.914Z" },
    { url = "https://files.pythonhosted.org/packages/fc/7b/dc1776b0464145a929deed214aef9fb1493f159b59ff3c7eeeedf91eddd0/coverage-7.13.5-cp314-cp314-musllinux_1_2_x86_64.whl", hash = "sha256:68a4953be99b17ac3c23b6efbc8a38330d99680c9458927491d18700ef23ded0", size = 252295, upload-time = "2026-03-17T10:32:31.981Z" },
    { url = "https://files.pythonhosted.org/packages/ea/fb/99cbbc56a26e07762a2740713f3c8f9f3f3106e3a3dd8cc4474954bccd34/coverage-7.13.5-cp314-cp314-win32.whl", hash = "sha256:35a31f2b1578185fbe6aa2e74cea1b1d0bbf4c552774247d9160d29b80ed56cc", size = 222360, upload-time = "2026-03-17T10:32:34.233Z" },
    { url = "https://files.pythonhosted.org/packages/8d/b7/4758d4f73fb536347cc5e4ad63662f9d60ba9118cb6785e9616b2ce5d7fa/coverage-7.13.5-cp314-cp314-win_amd64.whl", hash = "sha256:2aa055ae1857258f9e0045be26a6d62bdb47a72448b62d7b55f4820f361a2633", size = 223174, upload-time = "2026-03-17T10:32:36.369Z" },
    { url = "https://files.pythonhosted.org/packages/2c/f2/24d84e1dfe70f8ac9fdf30d338239860d0d1d5da0bda528959d0ebc9da28/coverage-7.13.5-cp314-cp314-win_arm64.whl", hash = "sha256:1b11eef33edeae9d142f9b4358edb76273b3bfd30bc3df9a4f95d0e49caf94e8", size = 221739, upload-time = "2026-03-17T10:32:38.736Z" },
    { url = "https://files.pythonhosted.org/packages/60/5b/4a168591057b3668c2428bff25dd3ebc21b629d666d90bcdfa0217940e84/coverage-7.13.5-cp314-cp314t-macosx_10_15_x86_64.whl", hash = "sha256:10a0c37f0b646eaff7cce1874c31d1f1ccb297688d4c747291f4f4c70741cc8b", size = 220351, upload-time = "2026-03-17T10:32:41.196Z" },
    { url = "https://files.pythonhosted.org/packages/f5/21/1fd5c4dbfe4a58b6b99649125635df46decdfd4a784c3cd6d410d303e370/coverage-7.13.5-cp314-cp314t-macosx_11_0_arm64.whl", hash = "sha256:b5db73ba3c41c7008037fa731ad5459fc3944cb7452fc0aa9f822ad3533c583c", size = 220612, upload-time = "2026-03-17T10:32:43.204Z" },
    { url = "https://files.pythonhosted.org/packages/d6/fe/2a924b3055a5e7e4512655a9d4609781b0d62334fa0140c3e742926834e2/coverage-7.13.5-cp314-cp314t-manylinux1_i686.manylinux_2_28_i686.manylinux_2_5_i686.whl", hash = "sha256:750db93a81e3e5a9831b534be7b1229df848b2e125a604fe6651e48aa070e5f9", size = 261985, upload-time = "2026-03-17T10:32:45.514Z" },
    { url = "https://files.pythonhosted.org/packages/d7/0d/c8928f2bd518c45990fe1a2ab8db42e914ef9b726c975facc4282578c3eb/coverage-7.13.5-cp314-cp314t-manylinux1_x86_64.manylinux_2_28_x86_64.manylinux_2_5_x86_64.whl", hash = "sha256:9ddb4f4a5479f2539644be484da179b653273bca1a323947d48ab107b3ed1f29", size = 264107, upload-time = "2026-03-17T10:32:47.971Z" },
    { url = "https://files.pythonhosted.org/packages/ef/ae/4ae35bbd9a0af9d820362751f0766582833c211224b38665c0f8de3d487f/coverage-7.13.5-cp314-cp314t-manylinux2014_aarch64.manylinux_2_17_aarch64.manylinux_2_28_aarch64.whl", hash = "sha256:d8a7a2049c14f413163e2bdabd37e41179b1d1ccb10ffc6ccc4b7a718429c607", size = 266513, upload-time = "2026-03-17T10:32:50.1Z" },
    { url = "https://files.pythonhosted.org/packages/9c/20/d326174c55af36f74eac6ae781612d9492f060ce8244b570bb9d50d9d609/coverage-7.13.5-cp314-cp314t-manylinux2014_ppc64le.manylinux_2_17_ppc64le.manylinux_2_28_ppc64le.whl", hash = "sha256:e1c85e0b6c05c592ea6d8768a66a254bfb3874b53774b12d4c89c481eb78cb90", size = 267650, upload-time = "2026-03-17T10:32:52.391Z" },
    { url = "https://files.pythonhosted.org/packages/7a/5e/31484d62cbd0eabd3412e30d74386ece4a0837d4f6c3040a653878bfc019/coverage-7.13.5-cp314-cp314t-manylinux_2_31_riscv64.manylinux_2_39_riscv64.whl", hash = "sha256:777c4d1eff1b67876139d24288aaf1817f6c03d6bae9c5cc8d27b83bcfe38fe3", size = 261089, upload-time = "2026-03-17T10:32:54.544Z" },
    { url = "https://files.pythonhosted.org/packages/e9/d8/49a72d6de146eebb0b7e48cc0f4bc2c0dd858e3d4790ab2b39a2872b62bd/coverage-7.13.5-cp314-cp314t-musllinux_1_2_aarch64.whl", hash = "sha256:6697e29b93707167687543480a40f0db8f356e86d9f67ddf2e37e2dfd91a9dab", size = 263982, upload-time = "2026-03-17T10:32:56.803Z" },
    { url = "https://files.pythonhosted.org/packages/06/3b/0351f1bd566e6e4dd39e978efe7958bde1d32f879e85589de147654f57bb/coverage-7.13.5-cp314-cp314t-musllinux_1_2_i686.whl", hash = "sha256:8fdf453a942c3e4d99bd80088141c4c6960bb232c409d9c3558e2dbaa3998562", size = 261579, upload-time = "2026-03-17T10:32:59.466Z" },
    { url = "https://files.pythonhosted.org/packages/5d/ce/796a2a2f4017f554d7810f5c573449b35b1e46788424a548d4d19201b222/coverage-7.13.5-cp314-cp314t-musllinux_1_2_ppc64le.whl", hash = "sha256:32ca0c0114c9834a43f045a87dcebd69d108d8ffb666957ea65aa132f50332e2", size = 265316, upload-time = "2026-03-17T10:33:01.847Z" },
    { url = "https://files.pythonhosted.org/packages/3d/16/d5ae91455541d1a78bc90abf495be600588aff8f6db5c8b0dae739fa39c9/coverage-7.13.5-cp314-cp314t-musllinux_1_2_riscv64.whl", hash = "sha256:8769751c10f339021e2638cd354e13adeac54004d1941119b2c96fe5276d45ea", size = 260427, upload-time = "2026-03-17T10:33:03.945Z" },
    { url = "https://files.pythonhosted.org/packages/48/11/07f413dba62db21fb3fad5d0de013a50e073cc4e2dc4306e770360f6dfc8/coverage-7.13.5-cp314-cp314t-musllinux_1_2_x86_64.whl", hash = "sha256:cec2d83125531bd153175354055cdb7a09987af08a9430bd173c937c6d0fba2a", size = 262745, upload-time = "2026-03-17T10:33:06.285Z" },
    { url = "https://files.pythonhosted.org/packages/91/15/d792371332eb4663115becf4bad47e047d16234b1aff687b1b18c58d60ae/coverage-7.13.5-cp314-cp314t-win32.whl", hash = "sha256:0cd9ed7a8b181775459296e402ca4fb27db1279740a24e93b3b41942ebe4b215", size = 223146, upload-time = "2026-03-17T10:33:08.756Z" },
    { url = "https://files.pythonhosted.org/packages/db/51/37221f59a111dca5e85be7dbf09696323b5b9f13ff65e0641d535ed06ea8/coverage-7.13.5-cp314-cp314t-win_amd64.whl", hash = "sha256:301e3b7dfefecaca37c9f1aa6f0049b7d4ab8dd933742b607765d757aca77d43", size = 224254, upload-time = "2026-03-17T10:33:11.174Z" },
    { url = "https://files.pythonhosted.org/packages/54/83/6acacc889de8987441aa7d5adfbdbf33d288dad28704a67e574f1df9bcbb/coverage-7.13.5-cp314-cp314t-win_arm64.whl", hash = "sha256:9dacc2ad679b292709e0f5fc1ac74a6d4d5562e424058962c7bb0c658ad25e45", size = 222276, upload-time = "2026-03-17T10:33:13.466Z" },
    { url = "https://files.pythonhosted.org/packages/9e/ee/a4cf96b8ce1e566ed238f0659ac2d3f007ed1d14b181bcb684e19561a69a/coverage-7.13.5-py3-none-any.whl", hash = "sha256:34b02417cf070e173989b3db962f7ed56d2f644307b2cf9d5a0f258e13084a61", size = 211346, upload-time = "2026-03-17T10:33:15.691Z" },
]

[[package]]
name = "iniconfig"
version = "2.3.0"
source = { registry = "https://pypi.org/simple" }
sdist = { url = "https://files.pythonhosted.org/packages/72/34/14ca021ce8e5dfedc35312d08ba8bf51fdd999c576889fc2c24cb97f4f10/iniconfig-2.3.0.tar.gz", hash = "sha256:c76315c77db068650d49c5b56314774a7804df16fee4402c1f19d6d15d8c4730", size = 20503, upload-time = "2025-10-18T21:55:43.219Z" }
wheels = [
    { url = "https://files.pythonhosted.org/packages/cb/b1/3846dd7f199d53cb17f49cba7e651e9ce294d8497c8c150530ed11865bb8/iniconfig-2.3.0-py3-none-any.whl", hash = "sha256:f631c04d2c48c52b84d0d0549c99ff3859c98df65b3101406327ecc7d53fbf12", size = 7484, upload-time = "2025-10-18T21:55:41.639Z" },
]

[[package]]
name = "packaging"
version = "26.0"
source = { registry = "https://pypi.org/simple" }
sdist = { url = "https://files.pythonhosted.org/packages/65/ee/299d360cdc32edc7d2cf530f3accf79c4fca01e96ffc950d8a52213bd8e4/packaging-26.0.tar.gz", hash = "sha256:00243ae351a257117b6a241061796684b084ed1c516a08c48a3f7e147a9d80b4", size = 143416, upload-time = "2026-01-21T20:50:39.064Z" }
wheels = [
    { url = "https://files.pythonhosted.org/packages/b7/b9/c538f279a4e237a006a2c98387d081e9eb060d203d8ed34467cc0f0b9b53/packaging-26.0-py3-none-any.whl", hash = "sha256:b36f1fef9334a5588b4166f8bcd26a14e521f2b55e6b9de3aaa80d3ff7a37529", size = 74366, upload-time = "2026-01-21T20:50:37.788Z" },
]

[[package]]
name = "pillow"
version = "12.2.0"
source = { registry = "https://pypi.org/simple" }
sdist = { url = "https://files.pythonhosted.org/packages/8c/21/c2bcdd5906101a30244eaffc1b6e6ce71a31bd0742a01eb89e660ebfac2d/pillow-12.2.0.tar.gz", hash = "sha256:a830b1a40919539d07806aa58e1b114df53ddd43213d9c8b75847eee6c0182b5", size = 46987819, upload-time = "2026-04-01T14:46:17.687Z" }
wheels = [
    { url = "https://files.pythonhosted.org/packages/bf/98/4595daa2365416a86cb0d495248a393dfc84e96d62ad080c8546256cb9c0/pillow-12.2.0-cp314-cp314-ios_13_0_arm64_iphoneos.whl", hash = "sha256:3adc9215e8be0448ed6e814966ecf3d9952f0ea40eb14e89a102b87f450660d8", size = 4100848, upload-time = "2026-04-01T14:44:48.48Z" },
    { url = "https://files.pythonhosted.org/packages/0b/79/40184d464cf89f6663e18dfcf7ca21aae2491fff1a16127681bf1fa9b8cf/pillow-12.2.0-cp314-cp314-ios_13_0_arm64_iphonesimulator.whl", hash = "sha256:6a9adfc6d24b10f89588096364cc726174118c62130c817c2837c60cf08a392b", size = 4176515, upload-time = "2026-04-01T14:44:51.353Z" },
    { url = "https://files.pythonhosted.org/packages/b0/63/703f86fd4c422a9cf722833670f4f71418fb116b2853ff7da722ea43f184/pillow-12.2.0-cp314-cp314-ios_13_0_x86_64_iphonesimulator.whl", hash = "sha256:6a6e67ea2e6feda684ed370f9a1c52e7a243631c025ba42149a2cc5934dec295", size = 3640159, upload-time = "2026-04-01T14:44:53.588Z" },
    { url = "https://files.pythonhosted.org/packages/71/e0/fb22f797187d0be2270f83500aab851536101b254bfa1eae10795709d283/pillow-12.2.0-cp314-cp314-macosx_10_15_x86_64.whl", hash = "sha256:2bb4a8d594eacdfc59d9e5ad972aa8afdd48d584ffd5f13a937a664c3e7db0ed", size = 5312185, upload-time = "2026-04-01T14:44:56.039Z" },
    { url = "https://files.pythonhosted.org/packages/ba/8c/1a9e46228571de18f8e28f16fabdfc20212a5d019f3e3303452b3f0a580d/pillow-12.2.0-cp314-cp314-macosx_11_0_arm64.whl", hash = "sha256:80b2da48193b2f33ed0c32c38140f9d3186583ce7d516526d462645fd98660ae", size = 4695386, upload-time = "2026-04-01T14:44:58.663Z" },
    { url = "https://files.pythonhosted.org/packages/70/62/98f6b7f0c88b9addd0e87c217ded307b36be024d4ff8869a812b241d1345/pillow-12.2.0-cp314-cp314-manylinux2014_aarch64.manylinux_2_17_aarch64.whl", hash = "sha256:22db17c68434de69d8ecfc2fe821569195c0c373b25cccb9cbdacf2c6e53c601", size = 6280384, upload-time = "2026-04-01T14:45:01.5Z" },
    { url = "https://files.pythonhosted.org/packages/5e/03/688747d2e91cfbe0e64f316cd2e8005698f76ada3130d0194664174fa5de/pillow-12.2.0-cp314-cp314-manylinux2014_x86_64.manylinux_2_17_x86_64.whl", hash = "sha256:7b14cc0106cd9aecda615dd6903840a058b4700fcb817687d0ee4fc8b6e389be", size = 8091599, upload-time = "2026-04-01T14:45:04.5Z" },
    { url = "https://files.pythonhosted.org/packages/f6/35/577e22b936fcdd66537329b33af0b4ccfefaeabd8aec04b266528cddb33c/pillow-12.2.0-cp314-cp314-manylinux_2_27_aarch64.manylinux_2_28_aarch64.whl", hash = "sha256:8cbeb542b2ebc6fcdacabf8aca8c1a97c9b3ad3927d46b8723f9d4f033288a0f", size = 6396021, upload-time = "2026-04-01T14:45:07.117Z" },
    { url = "https://files.pythonhosted.org/packages/11/8d/d2532ad2a603ca2b93ad9f5135732124e57811d0168155852f37fbce2458/pillow-12.2.0-cp314-cp314-manylinux_2_27_x86_64.manylinux_2_28_x86_64.whl", hash = "sha256:4bfd07bc812fbd20395212969e41931001fd59eb55a60658b0e5710872e95286", size = 7083360, upload-time = "2026-04-01T14:45:09.763Z" },
    { url = "https://files.pythonhosted.org/packages/5e/26/d325f9f56c7e039034897e7380e9cc202b1e368bfd04d4cbe6a441f02885/pillow-12.2.0-cp314-cp314-musllinux_1_2_aarch64.whl", hash = "sha256:9aba9a17b623ef750a4d11b742cbafffeb48a869821252b30ee21b5e91392c50", size = 6507628, upload-time = "2026-04-01T14:45:12.378Z" },
    { url = "https://files.pythonhosted.org/packages/5f/f7/769d5632ffb0988f1c5e7660b3e731e30f7f8ec4318e94d0a5d674eb65a4/pillow-12.2.0-cp314-cp314-musllinux_1_2_x86_64.whl", hash = "sha256:deede7c263feb25dba4e82ea23058a235dcc2fe1f6021025dc71f2b618e26104", size = 7209321, upload-time = "2026-04-01T14:45:15.122Z" },
    { url = "https://files.pythonhosted.org/packages/6a/7a/c253e3c645cd47f1aceea6a8bacdba9991bf45bb7dfe927f7c893e89c93c/pillow-12.2.0-cp314-cp314-win32.whl", hash = "sha256:632ff19b2778e43162304d50da0181ce24ac5bb8180122cbe1bf4673428328c7", size = 6479723, upload-time = "2026-04-01T14:45:17.797Z" },
    { url = "https://files.pythonhosted.org/packages/cd/8b/601e6566b957ca50e28725cb6c355c59c2c8609751efbecd980db44e0349/pillow-12.2.0-cp314-cp314-win_amd64.whl", hash = "sha256:4e6c62e9d237e9b65fac06857d511e90d8461a32adcc1b9065ea0c0fa3a28150", size = 7217400, upload-time = "2026-04-01T14:45:20.529Z" },
    { url = "https://files.pythonhosted.org/packages/d6/94/220e46c73065c3e2951bb91c11a1fb636c8c9ad427ac3ce7d7f3359b9b2f/pillow-12.2.0-cp314-cp314-win_arm64.whl", hash = "sha256:b1c1fbd8a5a1af3412a0810d060a78b5136ec0836c8a4ef9aa11807f2a22f4e1", size = 2554835, upload-time = "2026-04-01T14:45:23.162Z" },
    { url = "https://files.pythonhosted.org/packages/b6/ab/1b426a3974cb0e7da5c29ccff4807871d48110933a57207b5a676cccc155/pillow-12.2.0-cp314-cp314t-macosx_10_15_x86_64.whl", hash = "sha256:57850958fe9c751670e49b2cecf6294acc99e562531f4bd317fa5ddee2068463", size = 5314225, upload-time = "2026-04-01T14:45:25.637Z" },
    { url = "https://files.pythonhosted.org/packages/19/1e/dce46f371be2438eecfee2a1960ee2a243bbe5e961890146d2dee1ff0f12/pillow-12.2.0-cp314-cp314t-macosx_11_0_arm64.whl", hash = "sha256:d5d38f1411c0ed9f97bcb49b7bd59b6b7c314e0e27420e34d99d844b9ce3b6f3", size = 4698541, upload-time = "2026-04-01T14:45:28.355Z" },
    { url = "https://files.pythonhosted.org/packages/55/c3/7fbecf70adb3a0c33b77a300dc52e424dc22ad8cdc06557a2e49523b703d/pillow-12.2.0-cp314-cp314t-manylinux2014_aarch64.manylinux_2_17_aarch64.whl", hash = "sha256:5c0a9f29ca8e79f09de89293f82fc9b0270bb4af1d58bc98f540cc4aedf03166", size = 6322251, upload-time = "2026-04-01T14:45:30.924Z" },
    { url = "https://files.pythonhosted.org/packages/1c/3c/7fbc17cfb7e4fe0ef1642e0abc17fc6c94c9f7a16be41498e12e2ba60408/pillow-12.2.0-cp314-cp314t-manylinux2014_x86_64.manylinux_2_17_x86_64.whl", hash = "sha256:1610dd6c61621ae1cf811bef44d77e149ce3f7b95afe66a4512f8c59f25d9ebe", size = 8127807, upload-time = "2026-04-01T14:45:33.908Z" },
    { url = "https://files.pythonhosted.org/packages/ff/c3/a8ae14d6defd2e448493ff512fae903b1e9bd40b72efb6ec55ce0048c8ce/pillow-12.2.0-cp314-cp314t-manylinux_2_27_aarch64.manylinux_2_28_aarch64.whl", hash = "sha256:0a34329707af4f73cf1782a36cd2289c0368880654a2c11f027bcee9052d35dd", size = 6433935, upload-time = "2026-04-01T14:45:36.623Z" },
    { url = "https://files.pythonhosted.org/packages/6e/32/2880fb3a074847ac159d8f902cb43278a61e85f681661e7419e6596803ed/pillow-12.2.0-cp314-cp314t-manylinux_2_27_x86_64.manylinux_2_28_x86_64.whl", hash = "sha256:8e9c4f5b3c546fa3458a29ab22646c1c6c787ea8f5ef51300e5a60300736905e", size = 7116720, upload-time = "2026-04-01T14:45:39.258Z" },
    { url = "https://files.pythonhosted.org/packages/46/87/495cc9c30e0129501643f24d320076f4cc54f718341df18cc70ec94c44e1/pillow-12.2.0-cp314-cp314t-musllinux_1_2_aarch64.whl", hash = "sha256:fb043ee2f06b41473269765c2feae53fc2e2fbf96e5e22ca94fb5ad677856f06", size = 6540498, upload-time = "2026-04-01T14:45:41.879Z" },
    { url = "https://files.pythonhosted.org/packages/18/53/773f5edca692009d883a72211b60fdaf8871cbef075eaa9d577f0a2f989e/pillow-12.2.0-cp314-cp314t-musllinux_1_2_x86_64.whl", hash = "sha256:f278f034eb75b4e8a13a54a876cc4a5ab39173d2cdd93a638e1b467fc545ac43", size = 7239413, upload-time = "2026-04-01T14:45:44.705Z" },
    { url = "https://files.pythonhosted.org/packages/c9/e4/4b64a97d71b2a83158134abbb2f5bd3f8a2ea691361282f010998f339ec7/pillow-12.2.0-cp314-cp314t-win32.whl", hash = "sha256:6bb77b2dcb06b20f9f4b4a8454caa581cd4dd0643a08bacf821216a16d9c8354", size = 6482084, upload-time = "2026-04-01T14:45:47.568Z" },
    { url = "https://files.pythonhosted.org/packages/ba/13/306d275efd3a3453f72114b7431c877d10b1154014c1ebbedd067770d629/pillow-12.2.0-cp314-cp314t-win_amd64.whl", hash = "sha256:6562ace0d3fb5f20ed7290f1f929cae41b25ae29528f2af1722966a0a02e2aa1", size = 7225152, upload-time = "2026-04-01T14:45:50.032Z" },
    { url = "https://files.pythonhosted.org/packages/ff/6e/cf826fae916b8658848d7b9f38d88da6396895c676e8086fc0988073aaf8/pillow-12.2.0-cp314-cp314t-win_arm64.whl", hash = "sha256:aa88ccfe4e32d362816319ed727a004423aab09c5cea43c01a4b435643fa34eb", size = 2556579, upload-time = "2026-04-01T14:45:52.529Z" },
]

[[package]]
name = "pluggy"
version = "1.6.0"
source = { registry = "https://pypi.org/simple" }
sdist = { url = "https://files.pythonhosted.org/packages/f9/e2/3e91f31a7d2b083fe6ef3fa267035b518369d9511ffab804f839851d2779/pluggy-1.6.0.tar.gz", hash = "sha256:7dcc130b76258d33b90f61b658791dede3486c3e6bfb003ee5c9bfb396dd22f3", size = 69412, upload-time = "2025-05-15T12:30:07.975Z" }
wheels = [
    { url = "https://files.pythonhosted.org/packages/54/20/4d324d65cc6d9205fabedc306948156824eb9f0ee1633355a8f7ec5c66bf/pluggy-1.6.0-py3-none-any.whl", hash = "sha256:e920276dd6813095e9377c0bc5566d94c932c33b27a3e3945d8389c374dd4746", size = 20538, upload-time = "2025-05-15T12:30:06.134Z" },
]

[[package]]
name = "pygments"
version = "2.20.0"
source = { registry = "https://pypi.org/simple" }
sdist = { url = "https://files.pythonhosted.org/packages/c3/b2/bc9c9196916376152d655522fdcebac55e66de6603a76a02bca1b6414f6c/pygments-2.20.0.tar.gz", hash = "sha256:6757cd03768053ff99f3039c1a36d6c0aa0b263438fcab17520b30a303a82b5f", size = 4955991, upload-time = "2026-03-29T13:29:33.898Z" }
wheels = [
    { url = "https://files.pythonhosted.org/packages/f4/7e/a72dd26f3b0f4f2bf1dd8923c85f7ceb43172af56d63c7383eb62b332364/pygments-2.20.0-py3-none-any.whl", hash = "sha256:81a9e26dd42fd28a23a2d169d86d7ac03b46e2f8b59ed4698fb4785f946d0176", size = 1231151, upload-time = "2026-03-29T13:29:30.038Z" },
]

[[package]]
name = "pytest"
version = "9.0.2"
source = { registry = "https://pypi.org/simple" }
dependencies = [
    { name = "colorama", marker = "sys_platform == 'win32'" },
    { name = "iniconfig" },
    { name = "packaging" },
    { name = "pluggy" },
    { name = "pygments" },
]
sdist = { url = "https://files.pythonhosted.org/packages/d1/db/7ef3487e0fb0049ddb5ce41d3a49c235bf9ad299b6a25d5780a89f19230f/pytest-9.0.2.tar.gz", hash = "sha256:75186651a92bd89611d1d9fc20f0b4345fd827c41ccd5c299a868a05d70edf11", size = 1568901, upload-time = "2025-12-06T21:30:51.014Z" }
wheels = [
    { url = "https://files.pythonhosted.org/packages/3b/ab/b3226f0bd7cdcf710fbede2b3548584366da3b19b5021e74f5bde2a8fa3f/pytest-9.0.2-py3-none-any.whl", hash = "sha256:711ffd45bf766d5264d487b917733b453d917afd2b0ad65223959f59089f875b", size = 374801, upload-time = "2025-12-06T21:30:49.154Z" },
]

[[package]]
name = "pytest-cov"
version = "7.1.0"
source = { registry = "https://pypi.org/simple" }
dependencies = [
    { name = "coverage" },
    { name = "pluggy" },
    { name = "pytest" },
]
sdist = { url = "https://files.pythonhosted.org/packages/b1/51/a849f96e117386044471c8ec2bd6cfebacda285da9525c9106aeb28da671/pytest_cov-7.1.0.tar.gz", hash = "sha256:30674f2b5f6351aa09702a9c8c364f6a01c27aae0c1366ae8016160d1efc56b2", size = 55592, upload-time = "2026-03-21T20:11:16.284Z" }
wheels = [
    { url = "https://files.pythonhosted.org/packages/9d/7a/d968e294073affff457b041c2be9868a40c1c71f4a35fcc1e45e5493067b/pytest_cov-7.1.0-py3-none-any.whl", hash = "sha256:a0461110b7865f9a271aa1b51e516c9a95de9d696734a2f71e3e78f46e1d4678", size = 22876, upload-time = "2026-03-21T20:11:14.438Z" },
]

[[package]]
name = "pyyaml"
version = "6.0.3"
source = { registry = "https://pypi.org/simple" }
sdist = { url = "https://files.pythonhosted.org/packages/05/8e/961c0007c59b8dd7729d542c61a4d537767a59645b82a0b521206e1e25c2/pyyaml-6.0.3.tar.gz", hash = "sha256:d76623373421df22fb4cf8817020cbb7ef15c725b9d5e45f17e189bfc384190f", size = 130960, upload-time = "2025-09-25T21:33:16.546Z" }
wheels = [
    { url = "https://files.pythonhosted.org/packages/9d/8c/f4bd7f6465179953d3ac9bc44ac1a8a3e6122cf8ada906b4f96c60172d43/pyyaml-6.0.3-cp314-cp314-macosx_10_13_x86_64.whl", hash = "sha256:8d1fab6bb153a416f9aeb4b8763bc0f22a5586065f86f7664fc23339fc1c1fac", size = 181814, upload-time = "2025-09-25T21:32:35.712Z" },
    { url = "https://files.pythonhosted.org/packages/bd/9c/4d95bb87eb2063d20db7b60faa3840c1b18025517ae857371c4dd55a6b3a/pyyaml-6.0.3-cp314-cp314-macosx_11_0_arm64.whl", hash = "sha256:34d5fcd24b8445fadc33f9cf348c1047101756fd760b4dacb5c3e99755703310", size = 173809, upload-time = "2025-09-25T21:32:36.789Z" },
    { url = "https://files.pythonhosted.org/packages/92/b5/47e807c2623074914e29dabd16cbbdd4bf5e9b2db9f8090fa64411fc5382/pyyaml-6.0.3-cp314-cp314-manylinux2014_aarch64.manylinux_2_17_aarch64.manylinux_2_28_aarch64.whl", hash = "sha256:501a031947e3a9025ed4405a168e6ef5ae3126c59f90ce0cd6f2bfc477be31b7", size = 766454, upload-time = "2025-09-25T21:32:37.966Z" },
    { url = "https://files.pythonhosted.org/packages/02/9e/e5e9b168be58564121efb3de6859c452fccde0ab093d8438905899a3a483/pyyaml-6.0.3-cp314-cp314-manylinux2014_s390x.manylinux_2_17_s390x.manylinux_2_28_s390x.whl", hash = "sha256:b3bc83488de33889877a0f2543ade9f70c67d66d9ebb4ac959502e12de895788", size = 836355, upload-time = "2025-09-25T21:32:39.178Z" },
    { url = "https://files.pythonhosted.org/packages/88/f9/16491d7ed2a919954993e48aa941b200f38040928474c9e85ea9e64222c3/pyyaml-6.0.3-cp314-cp314-manylinux2014_x86_64.manylinux_2_17_x86_64.manylinux_2_28_x86_64.whl", hash = "sha256:c458b6d084f9b935061bc36216e8a69a7e293a2f1e68bf956dcd9e6cbcd143f5", size = 794175, upload-time = "2025-09-25T21:32:40.865Z" },
    { url = "https://files.pythonhosted.org/packages/dd/3f/5989debef34dc6397317802b527dbbafb2b4760878a53d4166579111411e/pyyaml-6.0.3-cp314-cp314-musllinux_1_2_aarch64.whl", hash = "sha256:7c6610def4f163542a622a73fb39f534f8c101d690126992300bf3207eab9764", size = 755228, upload-time = "2025-09-25T21:32:42.084Z" },
    { url = "https://files.pythonhosted.org/packages/d7/ce/af88a49043cd2e265be63d083fc75b27b6ed062f5f9fd6cdc223ad62f03e/pyyaml-6.0.3-cp314-cp314-musllinux_1_2_x86_64.whl", hash = "sha256:5190d403f121660ce8d1d2c1bb2ef1bd05b5f68533fc5c2ea899bd15f4399b35", size = 789194, upload-time = "2025-09-25T21:32:43.362Z" },
    { url = "https://files.pythonhosted.org/packages/23/20/bb6982b26a40bb43951265ba29d4c246ef0ff59c9fdcdf0ed04e0687de4d/pyyaml-6.0.3-cp314-cp314-win_amd64.whl", hash = "sha256:4a2e8cebe2ff6ab7d1050ecd59c25d4c8bd7e6f400f5f82b96557ac0abafd0ac", size = 156429, upload-time = "2025-09-25T21:32:57.844Z" },
    { url = "https://files.pythonhosted.org/packages/f4/f4/a4541072bb9422c8a883ab55255f918fa378ecf083f5b85e87fc2b4eda1b/pyyaml-6.0.3-cp314-cp314-win_arm64.whl", hash = "sha256:93dda82c9c22deb0a405ea4dc5f2d0cda384168e466364dec6255b293923b2f3", size = 143912, upload-time = "2025-09-25T21:32:59.247Z" },
    { url = "https://files.pythonhosted.org/packages/7c/f9/07dd09ae774e4616edf6cda684ee78f97777bdd15847253637a6f052a62f/pyyaml-6.0.3-cp314-cp314t-macosx_10_13_x86_64.whl", hash = "sha256:02893d100e99e03eda1c8fd5c441d8c60103fd175728e23e431db1b589cf5ab3", size = 189108, upload-time = "2025-09-25T21:32:44.377Z" },
    { url = "https://files.pythonhosted.org/packages/4e/78/8d08c9fb7ce09ad8c38ad533c1191cf27f7ae1effe5bb9400a46d9437fcf/pyyaml-6.0.3-cp314-cp314t-macosx_11_0_arm64.whl", hash = "sha256:c1ff362665ae507275af2853520967820d9124984e0f7466736aea23d8611fba", size = 183641, upload-time = "2025-09-25T21:32:45.407Z" },
    { url = "https://files.pythonhosted.org/packages/7b/5b/3babb19104a46945cf816d047db2788bcaf8c94527a805610b0289a01c6b/pyyaml-6.0.3-cp314-cp314t-manylinux2014_aarch64.manylinux_2_17_aarch64.manylinux_2_28_aarch64.whl", hash = "sha256:6adc77889b628398debc7b65c073bcb99c4a0237b248cacaf3fe8a557563ef6c", size = 831901, upload-time = "2025-09-25T21:32:48.83Z" },
    { url = "https://files.pythonhosted.org/packages/8b/cc/dff0684d8dc44da4d22a13f35f073d558c268780ce3c6ba1b87055bb0b87/pyyaml-6.0.3-cp314-cp314t-manylinux2014_s390x.manylinux_2_17_s390x.manylinux_2_28_s390x.whl", hash = "sha256:a80cb027f6b349846a3bf6d73b5e95e782175e52f22108cfa17876aaeff93702", size = 861132, upload-time = "2025-09-25T21:32:50.149Z" },
    { url = "https://files.pythonhosted.org/packages/b1/5e/f77dc6b9036943e285ba76b49e118d9ea929885becb0a29ba8a7c75e29fe/pyyaml-6.0.3-cp314-cp314t-manylinux2014_x86_64.manylinux_2_17_x86_64.manylinux_2_28_x86_64.whl", hash = "sha256:00c4bdeba853cc34e7dd471f16b4114f4162dc03e6b7afcc2128711f0eca823c", size = 839261, upload-time = "2025-09-25T21:32:51.808Z" },
    { url = "https://files.pythonhosted.org/packages/ce/88/a9db1376aa2a228197c58b37302f284b5617f56a5d959fd1763fb1675ce6/pyyaml-6.0.3-cp314-cp314t-musllinux_1_2_aarch64.whl", hash = "sha256:66e1674c3ef6f541c35191caae2d429b967b99e02040f5ba928632d9a7f0f065", size = 805272, upload-time = "2025-09-25T21:32:52.941Z" },
    { url = "https://files.pythonhosted.org/packages/da/92/1446574745d74df0c92e6aa4a7b0b3130706a4142b2d1a5869f2eaa423c6/pyyaml-6.0.3-cp314-cp314t-musllinux_1_2_x86_64.whl", hash = "sha256:16249ee61e95f858e83976573de0f5b2893b3677ba71c9dd36b9cf8be9ac6d65", size = 829923, upload-time = "2025-09-25T21:32:54.537Z" },
    { url = "https://files.pythonhosted.org/packages/f0/7a/1c7270340330e575b92f397352af856a8c06f230aa3e76f86b39d01b416a/pyyaml-6.0.3-cp314-cp314t-win_amd64.whl", hash = "sha256:4ad1906908f2f5ae4e5a8ddfce73c320c2a1429ec52eafd27138b7f1cbe341c9", size = 174062, upload-time = "2025-09-25T21:32:55.767Z" },
    { url = "https://files.pythonhosted.org/packages/f1/12/de94a39c2ef588c7e6455cfbe7343d3b2dc9d6b6b2f40c4c6565744c873d/pyyaml-6.0.3-cp314-cp314t-win_arm64.whl", hash = "sha256:ebc55a14a21cb14062aa4162f906cd962b28e2e9ea38f9b4391244cd8de4ae0b", size = 149341, upload-time = "2025-09-25T21:32:56.828Z" },
]

[[package]]
name = "ruff"
version = "0.15.8"
source = { registry = "https://pypi.org/simple" }
sdist = { url = "https://files.pythonhosted.org/packages/14/b0/73cf7550861e2b4824950b8b52eebdcc5adc792a00c514406556c5b80817/ruff-0.15.8.tar.gz", hash = "sha256:995f11f63597ee362130d1d5a327a87cb6f3f5eae3094c620bcc632329a4d26e", size = 4610921, upload-time = "2026-03-26T18:39:38.675Z" }
wheels = [
    { url = "https://files.pythonhosted.org/packages/4a/92/c445b0cd6da6e7ae51e954939cb69f97e008dbe750cfca89b8cedc081be7/ruff-0.15.8-py3-none-linux_armv6l.whl", hash = "sha256:cbe05adeba76d58162762d6b239c9056f1a15a55bd4b346cfd21e26cd6ad7bc7", size = 10527394, upload-time = "2026-03-26T18:39:41.566Z" },
    { url = "https://files.pythonhosted.org/packages/eb/92/f1c662784d149ad1414cae450b082cf736430c12ca78367f20f5ed569d65/ruff-0.15.8-py3-none-macosx_10_12_x86_64.whl", hash = "sha256:d3e3d0b6ba8dca1b7ef9ab80a28e840a20070c4b62e56d675c24f366ef330570", size = 10905693, upload-time = "2026-03-26T18:39:30.364Z" },
    { url = "https://files.pythonhosted.org/packages/ca/f2/7a631a8af6d88bcef997eb1bf87cc3da158294c57044aafd3e17030613de/ruff-0.15.8-py3-none-macosx_11_0_arm64.whl", hash = "sha256:6ee3ae5c65a42f273f126686353f2e08ff29927b7b7e203b711514370d500de3", size = 10323044, upload-time = "2026-03-26T18:39:33.37Z" },
    { url = "https://files.pythonhosted.org/packages/67/18/1bf38e20914a05e72ef3b9569b1d5c70a7ef26cd188d69e9ca8ef588d5bf/ruff-0.15.8-py3-none-manylinux_2_17_aarch64.manylinux2014_aarch64.whl", hash = "sha256:fdce027ada77baa448077ccc6ebb2fa9c3c62fd110d8659d601cf2f475858d94", size = 10629135, upload-time = "2026-03-26T18:39:44.142Z" },
    { url = "https://files.pythonhosted.org/packages/d2/e9/138c150ff9af60556121623d41aba18b7b57d95ac032e177b6a53789d279/ruff-0.15.8-py3-none-manylinux_2_17_armv7l.manylinux2014_armv7l.whl", hash = "sha256:12e617fc01a95e5821648a6df341d80456bd627bfab8a829f7cfc26a14a4b4a3", size = 10348041, upload-time = "2026-03-26T18:39:52.178Z" },
    { url = "https://files.pythonhosted.org/packages/02/f1/5bfb9298d9c323f842c5ddeb85f1f10ef51516ac7a34ba446c9347d898df/ruff-0.15.8-py3-none-manylinux_2_17_i686.manylinux2014_i686.whl", hash = "sha256:432701303b26416d22ba696c39f2c6f12499b89093b61360abc34bcc9bf07762", size = 11121987, upload-time = "2026-03-26T18:39:55.195Z" },
    { url = "https://files.pythonhosted.org/packages/10/11/6da2e538704e753c04e8d86b1fc55712fdbdcc266af1a1ece7a51fff0d10/ruff-0.15.8-py3-none-manylinux_2_17_ppc64le.manylinux2014_ppc64le.whl", hash = "sha256:d910ae974b7a06a33a057cb87d2a10792a3b2b3b35e33d2699fdf63ec8f6b17a", size = 11951057, upload-time = "2026-03-26T18:39:19.18Z" },
    { url = "https://files.pythonhosted.org/packages/83/f0/c9208c5fd5101bf87002fed774ff25a96eea313d305f1e5d5744698dc314/ruff-0.15.8-py3-none-manylinux_2_17_s390x.manylinux2014_s390x.whl", hash = "sha256:2033f963c43949d51e6fdccd3946633c6b37c484f5f98c3035f49c27395a8ab8", size = 11464613, upload-time = "2026-03-26T18:40:06.301Z" },
    { url = "https://files.pythonhosted.org/packages/f8/22/d7f2fabdba4fae9f3b570e5605d5eb4500dcb7b770d3217dca4428484b17/ruff-0.15.8-py3-none-manylinux_2_17_x86_64.manylinux2014_x86_64.whl", hash = "sha256:0f29b989a55572fb885b77464cf24af05500806ab4edf9a0fd8977f9759d85b1", size = 11257557, upload-time = "2026-03-26T18:39:57.972Z" },
    { url = "https://files.pythonhosted.org/packages/71/8c/382a9620038cf6906446b23ce8632ab8c0811b8f9d3e764f58bedd0c9a6f/ruff-0.15.8-py3-none-manylinux_2_31_riscv64.whl", hash = "sha256:ac51d486bf457cdc985a412fb1801b2dfd1bd8838372fc55de64b1510eff4bec", size = 11169440, upload-time = "2026-03-26T18:39:22.205Z" },
    { url = "https://files.pythonhosted.org/packages/4d/0d/0994c802a7eaaf99380085e4e40c845f8e32a562e20a38ec06174b52ef24/ruff-0.15.8-py3-none-musllinux_1_2_aarch64.whl", hash = "sha256:c9861eb959edab053c10ad62c278835ee69ca527b6dcd72b47d5c1e5648964f6", size = 10605963, upload-time = "2026-03-26T18:39:46.682Z" },
    { url = "https://files.pythonhosted.org/packages/19/aa/d624b86f5b0aad7cef6bbf9cd47a6a02dfdc4f72c92a337d724e39c9d14b/ruff-0.15.8-py3-none-musllinux_1_2_armv7l.whl", hash = "sha256:8d9a5b8ea13f26ae90838afc33f91b547e61b794865374f114f349e9036835fb", size = 10357484, upload-time = "2026-03-26T18:39:49.176Z" },
    { url = "https://files.pythonhosted.org/packages/35/c3/e0b7835d23001f7d999f3895c6b569927c4d39912286897f625736e1fd04/ruff-0.15.8-py3-none-musllinux_1_2_i686.whl", hash = "sha256:c2a33a529fb3cbc23a7124b5c6ff121e4d6228029cba374777bd7649cc8598b8", size = 10830426, upload-time = "2026-03-26T18:40:03.702Z" },
    { url = "https://files.pythonhosted.org/packages/f0/51/ab20b322f637b369383adc341d761eaaa0f0203d6b9a7421cd6e783d81b9/ruff-0.15.8-py3-none-musllinux_1_2_x86_64.whl", hash = "sha256:75e5cd06b1cf3f47a3996cfc999226b19aa92e7cce682dcd62f80d7035f98f49", size = 11345125, upload-time = "2026-03-26T18:39:27.799Z" },
    { url = "https://files.pythonhosted.org/packages/37/e6/90b2b33419f59d0f2c4c8a48a4b74b460709a557e8e0064cf33ad894f983/ruff-0.15.8-py3-none-win32.whl", hash = "sha256:bc1f0a51254ba21767bfa9a8b5013ca8149dcf38092e6a9eb704d876de94dc34", size = 10571959, upload-time = "2026-03-26T18:39:36.117Z" },
    { url = "https://files.pythonhosted.org/packages/1f/a2/ef467cb77099062317154c63f234b8a7baf7cb690b99af760c5b68b9ee7f/ruff-0.15.8-py3-none-win_amd64.whl", hash = "sha256:04f79eff02a72db209d47d665ba7ebcad609d8918a134f86cb13dd132159fc89", size = 11743893, upload-time = "2026-03-26T18:39:25.01Z" },
    { url = "https://files.pythonhosted.org/packages/15/e2/77be4fff062fa78d9b2a4dea85d14785dac5f1d0c1fb58ed52331f0ebe28/ruff-0.15.8-py3-none-win_arm64.whl", hash = "sha256:cf891fa8e3bb430c0e7fac93851a5978fc99c8fa2c053b57b118972866f8e5f2", size = 11048175, upload-time = "2026-03-26T18:40:01.06Z" },
]

[[package]]
name = "ty"
version = "0.0.27"
source = { registry = "https://pypi.org/simple" }
sdist = { url = "https://files.pythonhosted.org/packages/f4/de/e5cf1f151cf52fe1189e42d03d90909d7d1354fdc0c1847cbb63a0baa3da/ty-0.0.27.tar.gz", hash = "sha256:d7a8de3421d92420b40c94fe7e7d4816037560621903964dd035cf9bd0204a73", size = 5424130, upload-time = "2026-03-31T19:07:20.806Z" }
wheels = [
    { url = "https://files.pythonhosted.org/packages/fa/20/2a9ea661758bd67f2bfd54ce9daacb5a26c56c5f8b49fbd9a43b365a8a7d/ty-0.0.27-py3-none-linux_armv6l.whl", hash = "sha256:eb14456b8611c9e8287aa9b633f4d2a0d9f3082a31796969e0b50bdda8930281", size = 10571211, upload-time = "2026-03-31T19:07:23.28Z" },
    { url = "https://files.pythonhosted.org/packages/da/b2/8887a51f705d075ddbe78ae7f0d4755ef48d0a90235f67aee289e9cee950/ty-0.0.27-py3-none-macosx_10_12_x86_64.whl", hash = "sha256:02e662184703db7586118df611cf24a000d35dae38d950053d1dd7b6736fd2c4", size = 10427576, upload-time = "2026-03-31T19:07:15.499Z" },
    { url = "https://files.pythonhosted.org/packages/1d/c3/79d88163f508fb709ce19bc0b0a66c7c64b53d372d4caa56172c3d9b3ae8/ty-0.0.27-py3-none-macosx_11_0_arm64.whl", hash = "sha256:be5fc2899441f7f8f7ef40f9ffd006075a5ff6b06c44e8d2aa30e1b900c12f51", size = 9870359, upload-time = "2026-03-31T19:07:36.852Z" },
    { url = "https://files.pythonhosted.org/packages/dc/4d/ed1b0db0e1e46b5ed4976bbfe0d1825faf003b4e3774ef28c785ed73e4bb/ty-0.0.27-py3-none-manylinux_2_17_aarch64.manylinux2014_aarch64.whl", hash = "sha256:30231e652b14742a76b64755e54bf0cb1cd4c128bcaf625222e0ca92a2094887", size = 10380488, upload-time = "2026-03-31T19:07:31.268Z" },
    { url = "https://files.pythonhosted.org/packages/b1/f2/20372f6d510b01570028433064880adec2f8abe68bf0c4603be61a560bef/ty-0.0.27-py3-none-manylinux_2_17_armv7l.manylinux2014_armv7l.whl", hash = "sha256:5a119b1168f64261b3205a37e40b5b6c4aac8fd58e4587988f4e4b22c3c79847", size = 10390248, upload-time = "2026-03-31T19:07:28.345Z" },
    { url = "https://files.pythonhosted.org/packages/45/4b/46b31a7311306be1a560f7f20fdc37b5bf718787f60626cd265d9b637554/ty-0.0.27-py3-none-manylinux_2_17_i686.manylinux2014_i686.whl", hash = "sha256:e38f4e187b6975d2cbebf0f1eb1221f8f64f6e509bad14d7bb2a91afc97e4956", size = 10878479, upload-time = "2026-03-31T19:07:39.393Z" },
    { url = "https://files.pythonhosted.org/packages/42/ba/5231a2a1fb1cebe053a25de8fded95e1a30a1e77d3628a9e58487297bafc/ty-0.0.27-py3-none-manylinux_2_17_ppc64le.manylinux2014_ppc64le.whl", hash = "sha256:a07b1a8fbb23844f6d22091275430d9ac617175f34aa99159b268193de210389", size = 11461232, upload-time = "2026-03-31T19:07:02.518Z" },
    { url = "https://files.pythonhosted.org/packages/c3/37/558abab3e1f6670493524f61280b4dfcc3219555f13889223e733381dfab/ty-0.0.27-py3-none-manylinux_2_17_s390x.manylinux2014_s390x.whl", hash = "sha256:d3ec4033031f240836bb0337274bac5c49dde312c7c6d7575451ed719bf8ffa3", size = 11133002, upload-time = "2026-03-31T19:07:18.371Z" },
    { url = "https://files.pythonhosted.org/packages/32/38/188c14a57f52160407ce62c6abb556011718fd0bcbe1dca690529ce84c46/ty-0.0.27-py3-none-manylinux_2_17_x86_64.manylinux2014_x86_64.whl", hash = "sha256:924a8849afd500d260bf5b7296165a05b7424fbb6b19113f30f3b999d682873f", size = 10986624, upload-time = "2026-03-31T19:07:13.066Z" },
    { url = "https://files.pythonhosted.org/packages/9f/f1/667a71393f47d2cd6ba9ed07541b8df3eb63aab1f2ee658e77d91b8362fa/ty-0.0.27-py3-none-musllinux_1_2_aarch64.whl", hash = "sha256:d8270026c07e7423a1b3a3fd065b46ed1478748f0662518b523b57744f3fa025", size = 10366721, upload-time = "2026-03-31T19:07:00.131Z" },
    { url = "https://files.pythonhosted.org/packages/8b/aa/8edafe41be898bda774249abc5be6edd733e53fb1777d59ea9331e38537d/ty-0.0.27-py3-none-musllinux_1_2_armv7l.whl", hash = "sha256:e26e9735d3bdfd95d881111ad1cf570eab8188d8c3be36d6bcaad044d38984d8", size = 10412239, upload-time = "2026-03-31T19:07:05.297Z" },
    { url = "https://files.pythonhosted.org/packages/53/ff/8bafaed4a18d38264f46bdfc427de7ea2974cf9064e4e0bdb1b6e6c724e3/ty-0.0.27-py3-none-musllinux_1_2_i686.whl", hash = "sha256:7c09cc9a699810609acc0090af8d0db68adaee6e60a7c3e05ab80cc954a83db7", size = 10573507, upload-time = "2026-03-31T19:06:57.064Z" },
    { url = "https://files.pythonhosted.org/packages/16/2e/63a8284a2fefd08ab56ecbad0fde7dd4b2d4045a31cf24c1d1fcd9643227/ty-0.0.27-py3-none-musllinux_1_2_x86_64.whl", hash = "sha256:2d3e02853bb037221a456e034b1898aaa573e6374fbb53884e33cb7513ccb85a", size = 11090233, upload-time = "2026-03-31T19:07:34.139Z" },
    { url = "https://files.pythonhosted.org/packages/14/d3/d6fa1cafdfa2b34dbfa304fc6833af8e1669fc34e24d214fa76d2a2e5a25/ty-0.0.27-py3-none-win32.whl", hash = "sha256:34e7377f2047c14dbbb7bf5322e84114db7a5f2cb470db6bee63f8f3550cfc1e", size = 9984415, upload-time = "2026-03-31T19:07:07.98Z" },
    { url = "https://files.pythonhosted.org/packages/85/e6/dd4e27da9632b3472d5711ca49dbd3709dbd3e8c73f3af6db9c254235ca9/ty-0.0.27-py3-none-win_amd64.whl", hash = "sha256:3f7e4145aad8b815ed69b324c93b5b773eb864dda366ca16ab8693ff88ce6f36", size = 10961535, upload-time = "2026-03-31T19:07:10.566Z" },
    { url = "https://files.pythonhosted.org/packages/0e/1a/824b3496d66852ed7d5d68d9787711131552b68dce8835ce9410db32e618/ty-0.0.27-py3-none-win_arm64.whl", hash = "sha256:95bf8d01eb96bb2ba3ffc39faff19da595176448e80871a7b362f4d2de58476c", size = 10376689, upload-time = "2026-03-31T19:07:25.732Z" },
]

[[package]]
name = "webp-image-converter"
version = "0.1.0"
source = { virtual = "." }
dependencies = [
    { name = "pillow" },
    { name = "pyyaml" },
]

[package.dev-dependencies]
dev = [
    { name = "pytest" },
    { name = "pytest-cov" },
    { name = "ruff" },
    { name = "ty" },
]

[package.metadata]
requires-dist = [
    { name = "pillow", specifier = ">=12.2.0" },
    { name = "pyyaml", specifier = ">=6.0.3" },
]

[package.metadata.requires-dev]
dev = [
    { name = "pytest", specifier = ">=9.0.2" },
    { name = "pytest-cov", specifier = ">=7.1.0" },
    { name = "ruff", specifier = ">=0.15.8" },
    { name = "ty", specifier = ">=0.0.27" },
]
